
Microsoft Visual Studio Solution File, Format Version 12.00
# Visual Studio Version 17
VisualStudioVersion = 17.7.34202.233
MinimumVisualStudioVersion = 10.0.40219.1
Project("{FAE04EC0-301F-11D3-BF4B-00C04F79EFBC}") = "BlazorUI", "BlazorUI\BlazorUI.csproj", "{FFD67F56-5E2A-4081-910F-8F8F40225666}"
EndProject
Project("{FAE04EC0-301F-11D3-BF4B-00C04F79EFBC}") = "DemoLibrary", "DemoLibrary\DemoLibrary.csproj", "{60EB437A-2408-4E90-BA6C-6347E5B0D894}"
EndProject
Project("{FAE04EC0-301F-11D3-BF4B-00C04F79EFBC}") = "DemoApi", "DemoApi\DemoApi.csproj", "{6D671A28-399B-4147-A0A9-1AC1D9110BB9}"
EndProject
Global
	GlobalSection(SolutionConfigurationPlatforms) = preSolution
		Debug|Any CPU = Debug|Any CPU
		Release|Any CPU = Release|Any CPU
	EndGlobalSection
	GlobalSection(ProjectConfigurationPlatforms) = postSolution
		{FFD67F56-5E2A-4081-910F-8F8F40225666}.Debug|Any CPU.ActiveCfg = Debug|Any CPU
		{FFD67F56-5E2A-4081-910F-8F8F40225666}.Debug|Any CPU.Build.0 = Debug|Any CPU
		{FFD67F56-5E2A-4081-910F-8F8F40225666}.Release|Any CPU.ActiveCfg = Release|Any CPU
		{FFD67F56-5E2A-4081-910F-8F8F40225666}.Release|Any CPU.Build.0 = Release|Any CPU
		{60EB437A-2408-4E90-BA6C-6347E5B0D894}.Debug|Any CPU.ActiveCfg = Debug|Any CPU
		{60EB437A-2408-4E90-BA6C-6347E5B0D894}.Debug|Any CPU.Build.0 = Debug|Any CPU
		{60EB437A-2408-4E90-BA6C-6347E5B0D894}.Release|Any CPU.ActiveCfg = Release|Any CPU
		{60EB437A-2408-4E90-BA6C-6347E5B0D894}.Release|Any CPU.Build.0 = Release|Any CPU
		{6D671A28-399B-4147-A0A9-1AC1D9110BB9}.Debug|Any CPU.ActiveCfg = Debug|Any CPU
		{6D671A28-399B-4147-A0A9-1AC1D9110BB9}.Debug|Any CPU.Build.0 = Debug|Any CPU
		{6D671A28-399B-4147-A0A9-1AC1D9110BB9}.Release|Any CPU.ActiveCfg = Release|Any CPU
		{6D671A28-399B-4147-A0A9-1AC1D9110BB9}.Release|Any CPU.Build.0 = Release|Any CPU
	EndGlobalSection
	GlobalSection(SolutionProperties) = preSolution
		HideSolutionNode = FALSE
	EndGlobalSection
	GlobalSection(ExtensibilityGlobals) = postSolution
		SolutionGuid = {FB0536AD-AC95-445D-B362-B4233EC126D9}
	EndGlobalSection
EndGlobal
